// !$*UTF8*$!
{
	archiveVersion = 1;
	classes = {
	};
	objectVersion = 50;
	objects = {

/* Begin PBXBuildFile section */
		0B86BDAA25A99983002FC60A /* AppDelegate.swift in Sources */ = {isa = PBXBuildFile; fileRef = 0B86BDA925A99983002FC60A /* AppDelegate.swift */; };
		0B86BDAC25A99983002FC60A /* SceneDelegate.swift in Sources */ = {isa = PBXBuildFile; fileRef = 0B86BDAB25A99983002FC60A /* SceneDelegate.swift */; };
		0B86BDB125A99983002FC60A /* Main.storyboard in Resources */ = {isa = PBXBuildFile; fileRef = 0B86BDAF25A99983002FC60A /* Main.storyboard */; };
		0B86BDB325A99985002FC60A /* Assets.xcassets in Resources */ = {isa = PBXBuildFile; fileRef = 0B86BDB225A99985002FC60A /* Assets.xcassets */; };
		0B86BDB625A99985002FC60A /* LaunchScreen.storyboard in Resources */ = {isa = PBXBuildFile; fileRef = 0B86BDB425A99985002FC60A /* LaunchScreen.storyboard */; };
		0B86BDC125A999A8002FC60A /* TableViewController.swift in Sources */ = {isa = PBXBuildFile; fileRef = 0B86BDC025A999A8002FC60A /* TableViewController.swift */; };
		0B86BDC425A999BD002FC60A /* AddViewController.swift in Sources */ = {isa = PBXBuildFile; fileRef = 0B86BDC325A999BD002FC60A /* AddViewController.swift */; };
		0B86BDC725A999CB002FC60A /* DetailViewController.swift in Sources */ = {isa = PBXBuildFile; fileRef = 0B86BDC625A999CB002FC60A /* DetailViewController.swift */; };
		0B86BDCC25A99D36002FC60A /* clock.png in Resources */ = {isa = PBXBuildFile; fileRef = 0B86BDC925A99D36002FC60A /* clock.png */; };
		0B86BDCD25A99D36002FC60A /* pencil.png in Resources */ = {isa = PBXBuildFile; fileRef = 0B86BDCA25A99D36002FC60A /* pencil.png */; };
		0B86BDCE25A99D36002FC60A /* cart.png in Resources */ = {isa = PBXBuildFile; fileRef = 0B86BDCB25A99D36002FC60A /* cart.png */; };
/* End PBXBuildFile section */

/* Begin PBXFileReference section */
		0B86BDA625A99983002FC60A /* TableMission.app */ = {isa = PBXFileReference; explicitFileType = wrapper.application; includeInIndex = 0; path = TableMission.app; sourceTree = BUILT_PRODUCTS_DIR; };
		0B86BDA925A99983002FC60A /* AppDelegate.swift */ = {isa = PBXFileReference; lastKnownFileType = sourcecode.swift; path = AppDelegate.swift; sourceTree = "<group>"; };
		0B86BDAB25A99983002FC60A /* SceneDelegate.swift */ = {isa = PBXFileReference; lastKnownFileType = sourcecode.swift; path = SceneDelegate.swift; sourceTree = "<group>"; };
		0B86BDB025A99983002FC60A /* Base */ = {isa = PBXFileReference; lastKnownFileType = file.storyboard; name = Base; path = Base.lproj/Main.storyboard; sourceTree = "<group>"; };
		0B86BDB225A99985002FC60A /* Assets.xcassets */ = {isa = PBXFileReference; lastKnownFileType = folder.assetcatalog; path = Assets.xcassets; sourceTree = "<group>"; };
		0B86BDB525A99985002FC60A /* Base */ = {isa = PBXFileReference; lastKnownFileType = file.storyboard; name = Base; path = Base.lproj/LaunchScreen.storyboard; sourceTree = "<group>"; };
		0B86BDB725A99985002FC60A /* Info.plist */ = {isa = PBXFileReference; lastKnownFileType = text.plist.xml; path = Info.plist; sourceTree = "<group>"; };
		0B86BDC025A999A8002FC60A /* TableViewController.swift */ = {isa = PBXFileReference; lastKnownFileType = sourcecode.swift; path = TableViewController.swift; sourceTree = "<group>"; };
		0B86BDC325A999BD002FC60A /* AddViewController.swift */ = {isa = PBXFileReference; lastKnownFileType = sourcecode.swift; path = AddViewController.swift; sourceTree = "<group>"; };
		0B86BDC625A999CB002FC60A /* DetailViewController.swift */ = {isa = PBXFileReference; lastKnownFileType = sourcecode.swift; path = DetailViewController.swift; sourceTree = "<group>"; };
		0B86BDC925A99D36002FC60A /* clock.png */ = {isa = PBXFileReference; lastKnownFileType = image.png; path = clock.png; sourceTree = "<group>"; };
		0B86BDCA25A99D36002FC60A /* pencil.png */ = {isa = PBXFileReference; lastKnownFileType = image.png; path = pencil.png; sourceTree = "<group>"; };
		0B86BDCB25A99D36002FC60A /* cart.png */ = {isa = PBXFileReference; lastKnownFileType = image.png; path = cart.png; sourceTree = "<group>"; };
/* End PBXFileReference section */

/* Begin PBXFrameworksBuildPhase section */
		0B86BDA325A99983002FC60A /* Frameworks */ = {
			isa = PBXFrameworksBuildPhase;
			buildActionMask = 2147483647;
			files = (
			);
			runOnlyForDeploymentPostprocessing = 0;
		};
/* End PBXFrameworksBuildPhase section */

/* Begin PBXGroup section */
		0B86BD9D25A99983002FC60A = {
			isa = PBXGroup;
			children = (
				0B86BDA825A99983002FC60A /* TableMission */,
				0B86BDA725A99983002FC60A /* Products */,
			);
			sourceTree = "<group>";
		};
		0B86BDA725A99983002FC60A /* Products */ = {
			isa = PBXGroup;
			children = (
				0B86BDA625A99983002FC60A /* TableMission.app */,
			);
			name = Products;
			sourceTree = "<group>";
		};
		0B86BDA825A99983002FC60A /* TableMission */ = {
			isa = PBXGroup;
			children = (
				0B86BDCB25A99D36002FC60A /* cart.png */,
				0B86BDC925A99D36002FC60A /* clock.png */,
				0B86BDCA25A99D36002FC60A /* pencil.png */,
				0B86BDA925A99983002FC60A /* AppDelegate.swift */,
				0B86BDAB25A99983002FC60A /* SceneDelegate.swift */,
				0B86BDC025A999A8002FC60A /* TableViewController.swift */,
				0B86BDC325A999BD002FC60A /* AddViewController.swift */,
				0B86BDC625A999CB002FC60A /* DetailViewController.swift */,
				0B86BDAF25A99983002FC60A /* Main.storyboard */,
				0B86BDB225A99985002FC60A /* Assets.xcassets */,
				0B86BDB425A99985002FC60A /* LaunchScreen.storyboard */,
				0B86BDB725A99985002FC60A /* Info.plist */,
			);
			path = TableMission;
			sourceTree = "<group>";
		};
/* End PBXGroup section */

/* Begin PBXNativeTarget section */
		0B86BDA525A99983002FC60A /* TableMission */ = {
			isa = PBXNativeTarget;
			buildConfigurationList = 0B86BDBA25A99985002FC60A /* Build configuration list for PBXNativeTarget "TableMission" */;
			buildPhases = (
				0B86BDA225A99983002FC60A /* Sources */,
				0B86BDA325A99983002FC60A /* Frameworks */,
				0B86BDA425A99983002FC60A /* Resources */,
			);
			buildRules = (
			);
			dependencies = (
			);
			name = TableMission;
			productName = TableMission;
			productReference = 0B86BDA625A99983002FC60A /* TableMission.app */;
			productType = "com.apple.product-type.application";
		};
/* End PBXNativeTarget section */

/* Begin PBXProject section */
		0B86BD9E25A99983002FC60A /* Project object */ = {
			isa = PBXProject;
			attributes = {
				LastSwiftUpdateCheck = 1230;
				LastUpgradeCheck = 1230;
				TargetAttributes = {
					0B86BDA525A99983002FC60A = {
						CreatedOnToolsVersion = 12.3;
					};
				};
			};
			buildConfigurationList = 0B86BDA125A99983002FC60A /* Build configuration list for PBXProject "TableMission" */;
			compatibilityVersion = "Xcode 9.3";
			developmentRegion = en;
			hasScannedForEncodings = 0;
			knownRegions = (
				en,
				Base,
			);
			mainGroup = 0B86BD9D25A99983002FC60A;
			productRefGroup = 0B86BDA725A99983002FC60A /* Products */;
			projectDirPath = "";
			projectRoot = "";
			targets = (
				0B86BDA525A99983002FC60A /* TableMission */,
			);
		};
/* End PBXProject section */

/* Begin PBXResourcesBuildPhase section */
		0B86BDA425A99983002FC60A /* Resources */ = {
			isa = PBXResourcesBuildPhase;
			buildActionMask = 2147483647;
			files = (
				0B86BDCD25A99D36002FC60A /* pencil.png in Resources */,
				0B86BDCC25A99D36002FC60A /* clock.png in Resources */,
				0B86BDB625A99985002FC60A /* LaunchScreen.storyboard in Resources */,
				0B86BDB325A99985002FC60A /* Assets.xcassets in Resources */,
				0B86BDB125A99983002FC60A /* Main.storyboard in Resources */,
				0B86BDCE25A99D36002FC60A /* cart.png in Resources */,
			);
			runOnlyForDeploymentPostprocessing = 0;
		};
/* End PBXResourcesBuildPhase section */

/* Begin PBXSourcesBuildPhase section */
		0B86BDA225A99983002FC60A /* Sources */ = {
			isa = PBXSourcesBuildPhase;
			buildActionMask = 2147483647;
			files = (
				0B86BDAA25A99983002FC60A /* AppDelegate.swift in Sources */,
				0B86BDC125A999A8002FC60A /* TableViewController.swift in Sources */,
				0B86BDC725A999CB002FC60A /* DetailViewController.swift in Sources */,
				0B86BDC425A999BD002FC60A /* AddViewController.swift in Sources */,
				0B86BDAC25A99983002FC60A /* SceneDelegate.swift in Sources */,
			);
			runOnlyForDeploymentPostprocessing = 0;
		};
/* End PBXSourcesBuildPhase section */

/* Begin PBXVariantGroup section */
		0B86BDAF25A99983002FC60A /* Main.storyboard */ = {
			isa = PBXVariantGroup;
			children = (
				0B86BDB025A99983002FC60A /* Base */,
			);
			name = Main.storyboard;
			sourceTree = "<group>";
		};
		0B86BDB425A99985002FC60A /* LaunchScreen.storyboard */ = {
			isa = PBXVariantGroup;
			children = (
				0B86BDB525A99985002FC60A /* Base */,
			);
			name = LaunchScreen.storyboard;
			sourceTree = "<group>";
		};
/* End PBXVariantGroup section */

/* Begin XCBuildConfiguration section */
		0B86BDB825A99985002FC60A /* Debug */ = {
			isa = XCBuildConfiguration;
			buildSettings = {
				ALWAYS_SEARCH_USER_PATHS = NO;
				CLANG_ANALYZER_NONNULL = YES;
				CLANG_ANALYZER_NUMBER_OBJECT_CONVERSION = YES_AGGRESSIVE;
				CLANG_CXX_LANGUAGE_STANDARD = "gnu++14";
				CLANG_CXX_LIBRARY = "libc++";
				CLANG_ENABLE_MODULES = YES;
				CLANG_ENABLE_OBJC_ARC = YES;
				CLANG_ENABLE_OBJC_WEAK = YES;
				CLANG_WARN_BLOCK_CAPTURE_AUTORELEASING = YES;
				CLANG_WARN_BOOL_CONVERSION = YES;
				CLANG_WARN_COMMA = YES;
				CLANG_WARN_CONSTANT_CONVERSION = YES;
				CLANG_WARN_DEPRECATED_OBJC_IMPLEMENTATIONS = YES;
				CLANG_WARN_DIRECT_OBJC_ISA_USAGE = YES_ERROR;
				CLANG_WARN_DOCUMENTATION_COMMENTS = YES;
				CLANG_WARN_EMPTY_BODY = YES;
				CLANG_WARN_ENUM_CONVERSION = YES;
				CLANG_WARN_INFINITE_RECURSION = YES;
				CLANG_WARN_INT_CONVERSION = YES;
				CLANG_WARN_NON_LITERAL_NULL_CONVERSION = YES;
				CLANG_WARN_OBJC_IMPLICIT_RETAIN_SELF = YES;
				CLANG_WARN_OBJC_LITERAL_CONVERSION = YES;
				CLANG_WARN_OBJC_ROOT_CLASS = YES_ERROR;
				CLANG_WARN_QUOTED_INCLUDE_IN_FRAMEWORK_HEADER = YES;
				CLANG_WARN_RANGE_LOOP_ANALYSIS = YES;
				CLANG_WARN_STRICT_PROTOTYPES = YES;
				CLANG_WARN_SUSPICIOUS_MOVE = YES;
				CLANG_WARN_UNGUARDED_AVAILABILITY = YES_AGGRESSIVE;
				CLANG_WARN_UNREACHABLE_CODE = YES;
				CLANG_WARN__DUPLICATE_METHOD_MATCH = YES;
				COPY_PHASE_STRIP = NO;
				DEBUG_INFORMATION_FORMAT = dwarf;
				ENABLE_STRICT_OBJC_MSGSEND = YES;
				ENABLE_TESTABILITY = YES;
				GCC_C_LANGUAGE_STANDARD = gnu11;
				GCC_DYNAMIC_NO_PIC = NO;
				GCC_NO_COMMON_BLOCKS = YES;
				GCC_OPTIMIZATION_LEVEL = 0;
				GCC_PREPROCESSOR_DEFINITIONS = (
					"DEBUG=1",
					"$(inherited)",
				);
				GCC_WARN_64_TO_32_BIT_CONVERSION = YES;
				GCC_WARN_ABOUT_RETURN_TYPE = YES_ERROR;
				GCC_WARN_UNDECLARED_SELECTOR = YES;
				GCC_WARN_UNINITIALIZED_AUTOS = YES_AGGRESSIVE;
				GCC_WARN_UNUSED_FUNCTION = YES;
				GCC_WARN_UNUSED_VARIABLE = YES;
				IPHONEOS_DEPLOYMENT_TARGET = 14.3;
				MTL_ENABLE_DEBUG_INFO = INCLUDE_SOURCE;
				MTL_FAST_MATH = YES;
				ONLY_ACTIVE_ARCH = YES;
				SDKROOT = iphoneos;
				SWIFT_ACTIVE_COMPILATION_CONDITIONS = DEBUG;
				SWIFT_OPTIMIZATION_LEVEL = "-Onone";
			};
			name = Debug;
		};
		0B86BDB925A99985002FC60A /* Release */ = {
			isa = XCBuildConfiguration;
			buildSettings = {
				ALWAYS_SEARCH_USER_PATHS = NO;
				CLANG_ANALYZER_NONNULL = YES;
				CLANG_ANALYZER_NUMBER_OBJECT_CONVERSION = YES_AGGRESSIVE;
				CLANG_CXX_LANGUAGE_STANDARD = "gnu++14";
				CLANG_CXX_LIBRARY = "libc++";
				CLANG_ENABLE_MODULES = YES;
				CLANG_ENABLE_OBJC_ARC = YES;
				CLANG_ENABLE_OBJC_WEAK = YES;
				CLANG_WARN_BLOCK_CAPTURE_AUTORELEASING = YES;
				CLANG_WARN_BOOL_CONVERSION = YES;
				CLANG_WARN_COMMA = YES;
				CLANG_WARN_CONSTANT_CONVERSION = YES;
				CLANG_WARN_DEPRECATED_OBJC_IMPLEMENTATIONS = YES;
				CLANG_WARN_DIRECT_OBJC_ISA_USAGE = YES_ERROR;
				CLANG_WARN_DOCUMENTATION_COMMENTS = YES;
				CLANG_WARN_EMPTY_BODY = YES;
				CLANG_WARN_ENUM_CONVERSION = YES;
				CLANG_WARN_INFINITE_RECURSION = YES;
				CLANG_WARN_INT_CONVERSION = YES;
				CLANG_WARN_NON_LITERAL_NULL_CONVERSION = YES;
				CLANG_WARN_OBJC_IMPLICIT_RETAIN_SELF = YES;
				CLANG_WARN_OBJC_LITERAL_CONVERSION = YES;
				CLANG_WARN_OBJC_ROOT_CLASS = YES_ERROR;
				CLANG_WARN_QUOTED_INCLUDE_IN_FRAMEWORK_HEADER = YES;
				CLANG_WARN_RANGE_LOOP_ANALYSIS = YES;
				CLANG_WARN_STRICT_PROTOTYPES = YES;
				CLANG_WARN_SUSPICIOUS_MOVE = YES;
				CLANG_WARN_UNGUARDED_AVAILABILITY = YES_AGGRESSIVE;
				CLANG_WARN_UNREACHABLE_CODE = YES;
				CLANG_WARN__DUPLICATE_METHOD_MATCH = YES;
				COPY_PHASE_STRIP = NO;
				DEBUG_INFORMATION_FORMAT = "dwarf-with-dsym";
				ENABLE_NS_ASSERTIONS = NO;
				ENABLE_STRICT_OBJC_MSGSEND = YES;
				GCC_C_LANGUAGE_STANDARD = gnu11;
				GCC_NO_COMMON_BLOCKS = YES;
				GCC_WARN_64_TO_32_BIT_CONVERSION = YES;
				GCC_WARN_ABOUT_RETURN_TYPE = YES_ERROR;
				GCC_WARN_UNDECLARED_SELECTOR = YES;
				GCC_WARN_UNINITIALIZED_AUTOS = YES_AGGRESSIVE;
				GCC_WARN_UNUSED_FUNCTION = YES;
				GCC_WARN_UNUSED_VARIABLE = YES;
				IPHONEOS_DEPLOYMENT_TARGET = 14.3;
				MTL_ENABLE_DEBUG_INFO = NO;
				MTL_FAST_MATH = YES;
				SDKROOT = iphoneos;
				SWIFT_COMPILATION_MODE = wholemodule;
				SWIFT_OPTIMIZATION_LEVEL = "-O";
				VALIDATE_PRODUCT = YES;
			};
			name = Release;
		};
		0B86BDBB25A99985002FC60A /* Debug */ = {
			isa = XCBuildConfiguration;
			buildSettings = {
				ASSETCATALOG_COMPILER_APPICON_NAME = AppIcon;
				ASSETCATALOG_COMPILER_GLOBAL_ACCENT_COLOR_NAME = AccentColor;
				CODE_SIGN_STYLE = Automatic;
				INFOPLIST_FILE = TableMission/Info.plist;
				LD_RUNPATH_SEARCH_PATHS = (
					"$(inherited)",
					"@executable_path/Frameworks",
				);
				PRODUCT_BUNDLE_IDENTIFIER = com.startapp.TableMission;
				PRODUCT_NAME = "$(TARGET_NAME)";
				SWIFT_VERSION = 5.0;
				TARGETED_DEVICE_FAMILY = "1,2";
			};
			name = Debug;
		};
		0B86BDBC25A99985002FC60A /* Release */ = {
			isa = XCBuildConfiguration;
			buildSettings = {
				ASSETCATALOG_COMPILER_APPICON_NAME = AppIcon;
				ASSETCATALOG_COMPILER_GLOBAL_ACCENT_COLOR_NAME = AccentColor;
				CODE_SIGN_STYLE = Automatic;
				INFOPLIST_FILE = TableMission/Info.plist;
				LD_RUNPATH_SEARCH_PATHS = (
					"$(inherited)",
					"@executable_path/Frameworks",
				);
				PRODUCT_BUNDLE_IDENTIFIER = com.startapp.TableMission;
				PRODUCT_NAME = "$(TARGET_NAME)";
				SWIFT_VERSION = 5.0;
				TARGETED_DEVICE_FAMILY = "1,2";
			};
			name = Release;
		};
/* End XCBuildConfiguration section */

/* Begin XCConfigurationList section */
		0B86BDA125A99983002FC60A /* Build configuration list for PBXProject "TableMission" */ = {
			isa = XCConfigurationList;
			buildConfigurations = (
				0B86BDB825A99985002FC60A /* Debug */,
				0B86BDB925A99985002FC60A /* Release */,
			);
			defaultConfigurationIsVisible = 0;
			defaultConfigurationName = Release;
		};
		0B86BDBA25A99985002FC60A /* Build configuration list for PBXNativeTarget "TableMission" */ = {
			isa = XCConfigurationList;
			buildConfigurations = (
				0B86BDBB25A99985002FC60A /* Debug */,
				0B86BDBC25A99985002FC60A /* Release */,
			);
			defaultConfigurationIsVisible = 0;
			defaultConfigurationName = Release;
		};
/* End XCConfigurationList section */
	};
	rootObject = 0B86BD9E25A99983002FC60A /* Project object */;
}
